
Microsoft Visual Studio Solution File, Format Version 12.00
# Visual Studio Version 17
VisualStudioVersion = 17.8.34525.116
MinimumVisualStudioVersion = 10.0.40219.1
Project("{9A19103F-16F7-4668-BE54-9A1E7A4F7556}") = "Builder4You", "Builder4You\Builder4You.csproj", "{892974A2-8586-4F3E-9928-39FFB2CE835F}"
EndProject
Project("{9A19103F-16F7-4668-BE54-9A1E7A4F7556}") = "Tests", "Tests\Tests.csproj", "{8E14158C-25E6-45B5-ABC4-F8572D5F5C08}"
EndProject
Global
	GlobalSection(SolutionConfigurationPlatforms) = preSolution
		Debug|Any CPU = Debug|Any CPU
		Release|Any CPU = Release|Any CPU
	EndGlobalSection
	GlobalSection(ProjectConfigurationPlatforms) = postSolution
		{892974A2-8586-4F3E-9928-39FFB2CE835F}.Debug|Any CPU.ActiveCfg = Debug|Any CPU
		{892974A2-8586-4F3E-9928-39FFB2CE835F}.Debug|Any CPU.Build.0 = Debug|Any CPU
		{892974A2-8586-4F3E-9928-39FFB2CE835F}.Release|Any CPU.ActiveCfg = Release|Any CPU
		{892974A2-8586-4F3E-9928-39FFB2CE835F}.Release|Any CPU.Build.0 = Release|Any CPU
		{8E14158C-25E6-45B5-ABC4-F8572D5F5C08}.Debug|Any CPU.ActiveCfg = Debug|Any CPU
		{8E14158C-25E6-45B5-ABC4-F8572D5F5C08}.Debug|Any CPU.Build.0 = Debug|Any CPU
		{8E14158C-25E6-45B5-ABC4-F8572D5F5C08}.Release|Any CPU.ActiveCfg = Release|Any CPU
		{8E14158C-25E6-45B5-ABC4-F8572D5F5C08}.Release|Any CPU.Build.0 = Release|Any CPU
	EndGlobalSection
	GlobalSection(SolutionProperties) = preSolution
		HideSolutionNode = FALSE
	EndGlobalSection
	GlobalSection(ExtensibilityGlobals) = postSolution
		SolutionGuid = {D71C7EF0-794F-4402-9F0A-9C6F2FEACF39}
	EndGlobalSection
EndGlobal
